
Microsoft Visual Studio Solution File, Format Version 12.00
# Visual Studio Version 17
VisualStudioVersion = 17.6.33801.468
MinimumVisualStudioVersion = 10.0.40219.1
Project("{FAE04EC0-301F-11D3-BF4B-00C04F79EFBC}") = "EncryptionAtRest", "EncryptionAtRest\EncryptionAtRest.csproj", "{FB3C3CAE-5375-473D-AAAD-30F18965EA3C}"
EndProject
Global
	GlobalSection(SolutionConfigurationPlatforms) = preSolution
		Debug|Any CPU = Debug|Any CPU
		Release|Any CPU = Release|Any CPU
	EndGlobalSection
	GlobalSection(ProjectConfigurationPlatforms) = postSolution
		{FB3C3CAE-5375-473D-AAAD-30F18965EA3C}.Debug|Any CPU.ActiveCfg = Debug|Any CPU
		{FB3C3CAE-5375-473D-AAAD-30F18965EA3C}.Debug|Any CPU.Build.0 = Debug|Any CPU
		{FB3C3CAE-5375-473D-AAAD-30F18965EA3C}.Release|Any CPU.ActiveCfg = Release|Any CPU
		{FB3C3CAE-5375-473D-AAAD-30F18965EA3C}.Release|Any CPU.Build.0 = Release|Any CPU
	EndGlobalSection
	GlobalSection(SolutionProperties) = preSolution
		HideSolutionNode = FALSE
	EndGlobalSection
	GlobalSection(ExtensibilityGlobals) = postSolution
		SolutionGuid = {3D467AB0-0DB8-4D58-9E78-CAC73CCC08E1}
	EndGlobalSection
EndGlobal
